
Microsoft Visual Studio Solution File, Format Version 12.00
# Visual Studio Version 17
VisualStudioVersion = 17.14.36310.24 d17.14
MinimumVisualStudioVersion = 10.0.40219.1
Project("{FAE04EC0-301F-11D3-BF4B-00C04F79EFBC}") = "PDFToImageConverter", "PDFToImageConverter\PDFToImageConverter.csproj", "{D01AE832-FA2E-49D5-BF0B-CA4DC5405375}"
EndProject
Global
	GlobalSection(SolutionConfigurationPlatforms) = preSolution
		Debug|Any CPU = Debug|Any CPU
		Release|Any CPU = Release|Any CPU
	EndGlobalSection
	GlobalSection(ProjectConfigurationPlatforms) = postSolution
		{D01AE832-FA2E-49D5-BF0B-CA4DC5405375}.Debug|Any CPU.ActiveCfg = Debug|Any CPU
		{D01AE832-FA2E-49D5-BF0B-CA4DC5405375}.Debug|Any CPU.Build.0 = Debug|Any CPU
		{D01AE832-FA2E-49D5-BF0B-CA4DC5405375}.Release|Any CPU.ActiveCfg = Release|Any CPU
		{D01AE832-FA2E-49D5-BF0B-CA4DC5405375}.Release|Any CPU.Build.0 = Release|Any CPU
	EndGlobalSection
	GlobalSection(SolutionProperties) = preSolution
		HideSolutionNode = FALSE
	EndGlobalSection
	GlobalSection(ExtensibilityGlobals) = postSolution
		SolutionGuid = {196B29E7-89A1-4B18-BE95-33C77BB6A861}
	EndGlobalSection
EndGlobal
